
Microsoft Visual Studio Solution File, Format Version 11.00
# Visual Studio 2010
Project("{2150E333-8FDC-42A3-9474-1A3956D46DE8}") = "src", "src", "{85BCA2A8-E331-4040-B28F-6C3495EE31A7}"
EndProject
Project("{FAE04EC0-301F-11D3-BF4B-00C04F79EFBC}") = "NReadability", "src\NReadability\NReadability.csproj", "{14FC8145-1355-4A3D-A56E-26E3FD3C356E}"
EndProject
Global
	GlobalSection(SolutionConfigurationPlatforms) = preSolution
		Debug|Any CPU = Debug|Any CPU
		Debug|Mixed Platforms = Debug|Mixed Platforms
		Debug|x86 = Debug|x86
		Release|Any CPU = Release|Any CPU
		Release|Mixed Platforms = Release|Mixed Platforms
		Release|x86 = Release|x86
	EndGlobalSection
	GlobalSection(ProjectConfigurationPlatforms) = postSolution
		{14FC8145-1355-4A3D-A56E-26E3FD3C356E}.Debug|Any CPU.ActiveCfg = Debug|Any CPU
		{14FC8145-1355-4A3D-A56E-26E3FD3C356E}.Debug|Any CPU.Build.0 = Debug|Any CPU
		{14FC8145-1355-4A3D-A56E-26E3FD3C356E}.Debug|Mixed Platforms.ActiveCfg = Debug|Any CPU
		{14FC8145-1355-4A3D-A56E-26E3FD3C356E}.Debug|Mixed Platforms.Build.0 = Debug|Any CPU
		{14FC8145-1355-4A3D-A56E-26E3FD3C356E}.Debug|x86.ActiveCfg = Debug|Any CPU
		{14FC8145-1355-4A3D-A56E-26E3FD3C356E}.Release|Any CPU.ActiveCfg = Release|Any CPU
		{14FC8145-1355-4A3D-A56E-26E3FD3C356E}.Release|Any CPU.Build.0 = Release|Any CPU
		{14FC8145-1355-4A3D-A56E-26E3FD3C356E}.Release|Mixed Platforms.ActiveCfg = Release|Any CPU
		{14FC8145-1355-4A3D-A56E-26E3FD3C356E}.Release|Mixed Platforms.Build.0 = Release|Any CPU
		{14FC8145-1355-4A3D-A56E-26E3FD3C356E}.Release|x86.ActiveCfg = Release|Any CPU
	EndGlobalSection
	GlobalSection(SolutionProperties) = preSolution
		HideSolutionNode = FALSE
	EndGlobalSection
	GlobalSection(NestedProjects) = preSolution
		{14FC8145-1355-4A3D-A56E-26E3FD3C356E} = {85BCA2A8-E331-4040-B28F-6C3495EE31A7}
	EndGlobalSection
EndGlobal
